
Microsoft Visual Studio Solution File, Format Version 12.00
# Visual Studio Version 17
VisualStudioVersion = 17.0.31903.59
MinimumVisualStudioVersion = 10.0.40219.1
Project("{9A19103F-16F7-4668-BE54-9A1E7A4F7556}") = "WebAPIApp6AM", "WebAPIApp6AM\WebAPIApp6AM.csproj", "{65B5A371-831D-4647-9D04-140F258FAF67}"
EndProject
Project("{FAE04EC0-301F-11D3-BF4B-00C04F79EFBC}") = "DAL", "DAL\DAL.csproj", "{988EF294-01FE-4EB0-B0ED-4CA0FFE0A97D}"
EndProject
Project("{FAE04EC0-301F-11D3-BF4B-00C04F79EFBC}") = "WebApp", "WebApp\WebApp.csproj", "{0C0639A1-F06A-4E33-8EED-B458A1878A35}"
EndProject
Global
	GlobalSection(SolutionConfigurationPlatforms) = preSolution
		Debug|Any CPU = Debug|Any CPU
		Release|Any CPU = Release|Any CPU
	EndGlobalSection
	GlobalSection(ProjectConfigurationPlatforms) = postSolution
		{65B5A371-831D-4647-9D04-140F258FAF67}.Debug|Any CPU.ActiveCfg = Debug|Any CPU
		{65B5A371-831D-4647-9D04-140F258FAF67}.Debug|Any CPU.Build.0 = Debug|Any CPU
		{65B5A371-831D-4647-9D04-140F258FAF67}.Release|Any CPU.ActiveCfg = Release|Any CPU
		{65B5A371-831D-4647-9D04-140F258FAF67}.Release|Any CPU.Build.0 = Release|Any CPU
		{988EF294-01FE-4EB0-B0ED-4CA0FFE0A97D}.Debug|Any CPU.ActiveCfg = Debug|Any CPU
		{988EF294-01FE-4EB0-B0ED-4CA0FFE0A97D}.Debug|Any CPU.Build.0 = Debug|Any CPU
		{988EF294-01FE-4EB0-B0ED-4CA0FFE0A97D}.Release|Any CPU.ActiveCfg = Release|Any CPU
		{988EF294-01FE-4EB0-B0ED-4CA0FFE0A97D}.Release|Any CPU.Build.0 = Release|Any CPU
		{0C0639A1-F06A-4E33-8EED-B458A1878A35}.Debug|Any CPU.ActiveCfg = Debug|Any CPU
		{0C0639A1-F06A-4E33-8EED-B458A1878A35}.Debug|Any CPU.Build.0 = Debug|Any CPU
		{0C0639A1-F06A-4E33-8EED-B458A1878A35}.Release|Any CPU.ActiveCfg = Release|Any CPU
		{0C0639A1-F06A-4E33-8EED-B458A1878A35}.Release|Any CPU.Build.0 = Release|Any CPU
	EndGlobalSection
	GlobalSection(SolutionProperties) = preSolution
		HideSolutionNode = FALSE
	EndGlobalSection
	GlobalSection(ExtensibilityGlobals) = postSolution
		SolutionGuid = {48E63C86-D027-4A29-8819-598109CE08BF}
	EndGlobalSection
EndGlobal
